
Microsoft Visual Studio Solution File, Format Version 12.00
# Visual Studio Version 16
VisualStudioVersion = 16.0.31205.134
MinimumVisualStudioVersion = 10.0.40219.1
Project("{FAE04EC0-301F-11D3-BF4B-00C04F79EFBC}") = "Ruuun", "Ruuun\Ruuun.csproj", "{6E842CDC-14DF-41AE-A0B7-F7CAEE5BD175}"
EndProject
Global
	GlobalSection(SolutionConfigurationPlatforms) = preSolution
		Debug|Any CPU = Debug|Any CPU
		Release|Any CPU = Release|Any CPU
	EndGlobalSection
	GlobalSection(ProjectConfigurationPlatforms) = postSolution
		{6E842CDC-14DF-41AE-A0B7-F7CAEE5BD175}.Debug|Any CPU.ActiveCfg = Debug|Any CPU
		{6E842CDC-14DF-41AE-A0B7-F7CAEE5BD175}.Debug|Any CPU.Build.0 = Debug|Any CPU
		{6E842CDC-14DF-41AE-A0B7-F7CAEE5BD175}.Release|Any CPU.ActiveCfg = Release|Any CPU
		{6E842CDC-14DF-41AE-A0B7-F7CAEE5BD175}.Release|Any CPU.Build.0 = Release|Any CPU
	EndGlobalSection
	GlobalSection(SolutionProperties) = preSolution
		HideSolutionNode = FALSE
	EndGlobalSection
	GlobalSection(ExtensibilityGlobals) = postSolution
		SolutionGuid = {F8CD4EE8-7D26-48CC-ABD2-15FC6B9BB760}
	EndGlobalSection
EndGlobal
